
Microsoft Visual Studio Solution File, Format Version 12.00
# Visual Studio Version 17
VisualStudioVersion = 17.2.32630.192
MinimumVisualStudioVersion = 10.0.40219.1
Project("{9A19103F-16F7-4668-BE54-9A1E7A4F7556}") = "CaseStrategy", "CaseStrategy\CaseStrategy.csproj", "{A9E937FD-6CE2-4C63-A5D4-1E0BF4BCE6DF}"
EndProject
Project("{FAE04EC0-301F-11D3-BF4B-00C04F79EFBC}") = "CaseStrategyTest", "CaseStrategyTest\CaseStrategyTest.csproj", "{9F6F6B38-1640-499F-9B3D-C85239FE2822}"
EndProject
Global
	GlobalSection(SolutionConfigurationPlatforms) = preSolution
		Debug|Any CPU = Debug|Any CPU
		Release|Any CPU = Release|Any CPU
	EndGlobalSection
	GlobalSection(ProjectConfigurationPlatforms) = postSolution
		{A9E937FD-6CE2-4C63-A5D4-1E0BF4BCE6DF}.Debug|Any CPU.ActiveCfg = Debug|Any CPU
		{A9E937FD-6CE2-4C63-A5D4-1E0BF4BCE6DF}.Debug|Any CPU.Build.0 = Debug|Any CPU
		{A9E937FD-6CE2-4C63-A5D4-1E0BF4BCE6DF}.Release|Any CPU.ActiveCfg = Release|Any CPU
		{A9E937FD-6CE2-4C63-A5D4-1E0BF4BCE6DF}.Release|Any CPU.Build.0 = Release|Any CPU
		{9F6F6B38-1640-499F-9B3D-C85239FE2822}.Debug|Any CPU.ActiveCfg = Debug|Any CPU
		{9F6F6B38-1640-499F-9B3D-C85239FE2822}.Debug|Any CPU.Build.0 = Debug|Any CPU
		{9F6F6B38-1640-499F-9B3D-C85239FE2822}.Release|Any CPU.ActiveCfg = Release|Any CPU
		{9F6F6B38-1640-499F-9B3D-C85239FE2822}.Release|Any CPU.Build.0 = Release|Any CPU
	EndGlobalSection
	GlobalSection(SolutionProperties) = preSolution
		HideSolutionNode = FALSE
	EndGlobalSection
	GlobalSection(ExtensibilityGlobals) = postSolution
		SolutionGuid = {459F6E29-EEE3-4799-9977-231D072A3C2C}
	EndGlobalSection
EndGlobal
